// !$*UTF8*$!
{
	archiveVersion = 1;
	classes = {
	};
	objectVersion = 48;
	objects = {

/* Begin PBXBuildFile section */
		75DDE59620821BC7005DA0D1 /* AppDelegate.m in Sources */ = {isa = PBXBuildFile; fileRef = 75DDE59520821BC7005DA0D1 /* AppDelegate.m */; };
		75DDE59C20821BC7005DA0D1 /* Main.storyboard in Resources */ = {isa = PBXBuildFile; fileRef = 75DDE59A20821BC7005DA0D1 /* Main.storyboard */; };
		75DDE59E20821BC7005DA0D1 /* Assets.xcassets in Resources */ = {isa = PBXBuildFile; fileRef = 75DDE59D20821BC7005DA0D1 /* Assets.xcassets */; };
		75DDE5A120821BC7005DA0D1 /* LaunchScreen.storyboard in Resources */ = {isa = PBXBuildFile; fileRef = 75DDE59F20821BC7005DA0D1 /* LaunchScreen.storyboard */; };
		75DDE5A420821BC7005DA0D1 /* main.m in Sources */ = {isa = PBXBuildFile; fileRef = 75DDE5A320821BC7005DA0D1 /* main.m */; };
		75DDE5AE20821BC7005DA0D1 /* WeatherUITests.m in Sources */ = {isa = PBXBuildFile; fileRef = 75DDE5AD20821BC7005DA0D1 /* WeatherUITests.m */; };
		75DDE5BA20821C2D005DA0D1 /* TableViewController.m in Sources */ = {isa = PBXBuildFile; fileRef = 75DDE5B920821C2D005DA0D1 /* TableViewController.m */; };
		75DDE5BD20821D4E005DA0D1 /* Manager.m in Sources */ = {isa = PBXBuildFile; fileRef = 75DDE5BC20821D4E005DA0D1 /* Manager.m */; };
		75DDE5C020821D63005DA0D1 /* CellDecorator.m in Sources */ = {isa = PBXBuildFile; fileRef = 75DDE5BF20821D63005DA0D1 /* CellDecorator.m */; };
		75DDE5C320821E36005DA0D1 /* Router.m in Sources */ = {isa = PBXBuildFile; fileRef = 75DDE5C220821E36005DA0D1 /* Router.m */; };
		75DDE5CD2082277A005DA0D1 /* City.m in Sources */ = {isa = PBXBuildFile; fileRef = 75DDE5CC2082277A005DA0D1 /* City.m */; };
		75DDE5D0208230E3005DA0D1 /* CityCell.xib in Resources */ = {isa = PBXBuildFile; fileRef = 75DDE5CF208230E3005DA0D1 /* CityCell.xib */; };
		75DDE5D32082313A005DA0D1 /* CityCell.m in Sources */ = {isa = PBXBuildFile; fileRef = 75DDE5D22082313A005DA0D1 /* CityCell.m */; };
		75DDE62920849277005DA0D1 /* WeatherCollectionViewCell.m in Sources */ = {isa = PBXBuildFile; fileRef = 75DDE62820849277005DA0D1 /* WeatherCollectionViewCell.m */; };
		75DDE62B2084929A005DA0D1 /* WeatherCollectionViewCell.xib in Resources */ = {isa = PBXBuildFile; fileRef = 75DDE62A2084929A005DA0D1 /* WeatherCollectionViewCell.xib */; };
		75DDE63120849889005DA0D1 /* WeatherViewController.m in Sources */ = {isa = PBXBuildFile; fileRef = 75DDE63020849889005DA0D1 /* WeatherViewController.m */; };
/* End PBXBuildFile section */

/* Begin PBXContainerItemProxy section */
		75DDE5AA20821BC7005DA0D1 /* PBXContainerItemProxy */ = {
			isa = PBXContainerItemProxy;
			containerPortal = 75DDE58920821BC7005DA0D1 /* Project object */;
			proxyType = 1;
			remoteGlobalIDString = 75DDE59020821BC7005DA0D1;
			remoteInfo = Weather;
		};
/* End PBXContainerItemProxy section */

/* Begin PBXFileReference section */
		75DDE59120821BC7005DA0D1 /* Weather.app */ = {isa = PBXFileReference; explicitFileType = wrapper.application; includeInIndex = 0; path = Weather.app; sourceTree = BUILT_PRODUCTS_DIR; };
		75DDE59420821BC7005DA0D1 /* AppDelegate.h */ = {isa = PBXFileReference; lastKnownFileType = sourcecode.c.h; path = AppDelegate.h; sourceTree = "<group>"; };
		75DDE59520821BC7005DA0D1 /* AppDelegate.m */ = {isa = PBXFileReference; lastKnownFileType = sourcecode.c.objc; path = AppDelegate.m; sourceTree = "<group>"; };
		75DDE59B20821BC7005DA0D1 /* Base */ = {isa = PBXFileReference; lastKnownFileType = file.storyboard; name = Base; path = Base.lproj/Main.storyboard; sourceTree = "<group>"; };
		75DDE59D20821BC7005DA0D1 /* Assets.xcassets */ = {isa = PBXFileReference; lastKnownFileType = folder.assetcatalog; path = Assets.xcassets; sourceTree = "<group>"; };
		75DDE5A020821BC7005DA0D1 /* Base */ = {isa = PBXFileReference; lastKnownFileType = file.storyboard; name = Base; path = Base.lproj/LaunchScreen.storyboard; sourceTree = "<group>"; };
		75DDE5A220821BC7005DA0D1 /* Info.plist */ = {isa = PBXFileReference; lastKnownFileType = text.plist.xml; path = Info.plist; sourceTree = "<group>"; };
		75DDE5A320821BC7005DA0D1 /* main.m */ = {isa = PBXFileReference; lastKnownFileType = sourcecode.c.objc; path = main.m; sourceTree = "<group>"; };
		75DDE5A920821BC7005DA0D1 /* WeatherUITests.xctest */ = {isa = PBXFileReference; explicitFileType = wrapper.cfbundle; includeInIndex = 0; path = WeatherUITests.xctest; sourceTree = BUILT_PRODUCTS_DIR; };
		75DDE5AD20821BC7005DA0D1 /* WeatherUITests.m */ = {isa = PBXFileReference; lastKnownFileType = sourcecode.c.objc; path = WeatherUITests.m; sourceTree = "<group>"; };
		75DDE5AF20821BC7005DA0D1 /* Info.plist */ = {isa = PBXFileReference; lastKnownFileType = text.plist.xml; path = Info.plist; sourceTree = "<group>"; };
		75DDE5B820821C2D005DA0D1 /* TableViewController.h */ = {isa = PBXFileReference; lastKnownFileType = sourcecode.c.h; path = TableViewController.h; sourceTree = "<group>"; };
		75DDE5B920821C2D005DA0D1 /* TableViewController.m */ = {isa = PBXFileReference; lastKnownFileType = sourcecode.c.objc; path = TableViewController.m; sourceTree = "<group>"; };
		75DDE5BB20821D4E005DA0D1 /* Manager.h */ = {isa = PBXFileReference; lastKnownFileType = sourcecode.c.h; path = Manager.h; sourceTree = "<group>"; };
		75DDE5BC20821D4E005DA0D1 /* Manager.m */ = {isa = PBXFileReference; lastKnownFileType = sourcecode.c.objc; path = Manager.m; sourceTree = "<group>"; };
		75DDE5BE20821D63005DA0D1 /* CellDecorator.h */ = {isa = PBXFileReference; lastKnownFileType = sourcecode.c.h; path = CellDecorator.h; sourceTree = "<group>"; };
		75DDE5BF20821D63005DA0D1 /* CellDecorator.m */ = {isa = PBXFileReference; lastKnownFileType = sourcecode.c.objc; path = CellDecorator.m; sourceTree = "<group>"; };
		75DDE5C120821E36005DA0D1 /* Router.h */ = {isa = PBXFileReference; lastKnownFileType = sourcecode.c.h; path = Router.h; sourceTree = "<group>"; };
		75DDE5C220821E36005DA0D1 /* Router.m */ = {isa = PBXFileReference; lastKnownFileType = sourcecode.c.objc; path = Router.m; sourceTree = "<group>"; };
		75DDE5CB2082277A005DA0D1 /* City.h */ = {isa = PBXFileReference; lastKnownFileType = sourcecode.c.h; path = City.h; sourceTree = "<group>"; };
		75DDE5CC2082277A005DA0D1 /* City.m */ = {isa = PBXFileReference; lastKnownFileType = sourcecode.c.objc; path = City.m; sourceTree = "<group>"; };
		75DDE5CE208227DC005DA0D1 /* CityProtocol.h */ = {isa = PBXFileReference; lastKnownFileType = sourcecode.c.h; path = CityProtocol.h; sourceTree = "<group>"; };
		75DDE5CF208230E3005DA0D1 /* CityCell.xib */ = {isa = PBXFileReference; lastKnownFileType = file.xib; path = CityCell.xib; sourceTree = "<group>"; };
		75DDE5D12082313A005DA0D1 /* CityCell.h */ = {isa = PBXFileReference; lastKnownFileType = sourcecode.c.h; path = CityCell.h; sourceTree = "<group>"; };
		75DDE5D22082313A005DA0D1 /* CityCell.m */ = {isa = PBXFileReference; lastKnownFileType = sourcecode.c.objc; path = CityCell.m; sourceTree = "<group>"; };
		75DDE5D42082317E005DA0D1 /* CellDecoratorProtocol.h */ = {isa = PBXFileReference; lastKnownFileType = sourcecode.c.h; path = CellDecoratorProtocol.h; sourceTree = "<group>"; };
		75DDE62720849277005DA0D1 /* WeatherCollectionViewCell.h */ = {isa = PBXFileReference; lastKnownFileType = sourcecode.c.h; path = WeatherCollectionViewCell.h; sourceTree = "<group>"; };
		75DDE62820849277005DA0D1 /* WeatherCollectionViewCell.m */ = {isa = PBXFileReference; lastKnownFileType = sourcecode.c.objc; path = WeatherCollectionViewCell.m; sourceTree = "<group>"; };
		75DDE62A2084929A005DA0D1 /* WeatherCollectionViewCell.xib */ = {isa = PBXFileReference; lastKnownFileType = file.xib; path = WeatherCollectionViewCell.xib; sourceTree = "<group>"; };
		75DDE62F20849889005DA0D1 /* WeatherViewController.h */ = {isa = PBXFileReference; lastKnownFileType = sourcecode.c.h; path = WeatherViewController.h; sourceTree = "<group>"; };
		75DDE63020849889005DA0D1 /* WeatherViewController.m */ = {isa = PBXFileReference; lastKnownFileType = sourcecode.c.objc; path = WeatherViewController.m; sourceTree = "<group>"; };
/* End PBXFileReference section */

/* Begin PBXFrameworksBuildPhase section */
		75DDE58E20821BC7005DA0D1 /* Frameworks */ = {
			isa = PBXFrameworksBuildPhase;
			buildActionMask = 2147483647;
			files = (
			);
			runOnlyForDeploymentPostprocessing = 0;
		};
		75DDE5A620821BC7005DA0D1 /* Frameworks */ = {
			isa = PBXFrameworksBuildPhase;
			buildActionMask = 2147483647;
			files = (
			);
			runOnlyForDeploymentPostprocessing = 0;
		};
/* End PBXFrameworksBuildPhase section */

/* Begin PBXGroup section */
		75DDE58820821BC7005DA0D1 = {
			isa = PBXGroup;
			children = (
				75DDE59320821BC7005DA0D1 /* Weather */,
				75DDE5AC20821BC7005DA0D1 /* WeatherUITests */,
				75DDE59220821BC7005DA0D1 /* Products */,
			);
			sourceTree = "<group>";
		};
		75DDE59220821BC7005DA0D1 /* Products */ = {
			isa = PBXGroup;
			children = (
				75DDE59120821BC7005DA0D1 /* Weather.app */,
				75DDE5A920821BC7005DA0D1 /* WeatherUITests.xctest */,
			);
			name = Products;
			sourceTree = "<group>";
		};
		75DDE59320821BC7005DA0D1 /* Weather */ = {
			isa = PBXGroup;
			children = (
				75DDE59420821BC7005DA0D1 /* AppDelegate.h */,
				75DDE59520821BC7005DA0D1 /* AppDelegate.m */,
				75DDE59A20821BC7005DA0D1 /* Main.storyboard */,
				75DDE62F20849889005DA0D1 /* WeatherViewController.h */,
				75DDE63020849889005DA0D1 /* WeatherViewController.m */,
				75DDE62A2084929A005DA0D1 /* WeatherCollectionViewCell.xib */,
				75DDE62720849277005DA0D1 /* WeatherCollectionViewCell.h */,
				75DDE62820849277005DA0D1 /* WeatherCollectionViewCell.m */,
				75DDE5D12082313A005DA0D1 /* CityCell.h */,
				75DDE5D22082313A005DA0D1 /* CityCell.m */,
				75DDE5CF208230E3005DA0D1 /* CityCell.xib */,
				75DDE59D20821BC7005DA0D1 /* Assets.xcassets */,
				75DDE59F20821BC7005DA0D1 /* LaunchScreen.storyboard */,
				75DDE5A220821BC7005DA0D1 /* Info.plist */,
				75DDE5A320821BC7005DA0D1 /* main.m */,
				75DDE5B820821C2D005DA0D1 /* TableViewController.h */,
				75DDE5B920821C2D005DA0D1 /* TableViewController.m */,
				75DDE5BB20821D4E005DA0D1 /* Manager.h */,
				75DDE5BC20821D4E005DA0D1 /* Manager.m */,
				75DDE5D42082317E005DA0D1 /* CellDecoratorProtocol.h */,
				75DDE5BE20821D63005DA0D1 /* CellDecorator.h */,
				75DDE5BF20821D63005DA0D1 /* CellDecorator.m */,
				75DDE5C120821E36005DA0D1 /* Router.h */,
				75DDE5C220821E36005DA0D1 /* Router.m */,
				75DDE5CE208227DC005DA0D1 /* CityProtocol.h */,
				75DDE5CB2082277A005DA0D1 /* City.h */,
				75DDE5CC2082277A005DA0D1 /* City.m */,
			);
			path = Weather;
			sourceTree = "<group>";
		};
		75DDE5AC20821BC7005DA0D1 /* WeatherUITests */ = {
			isa = PBXGroup;
			children = (
				75DDE5AD20821BC7005DA0D1 /* WeatherUITests.m */,
				75DDE5AF20821BC7005DA0D1 /* Info.plist */,
			);
			path = WeatherUITests;
			sourceTree = "<group>";
		};
/* End PBXGroup section */

/* Begin PBXNativeTarget section */
		75DDE59020821BC7005DA0D1 /* Weather */ = {
			isa = PBXNativeTarget;
			buildConfigurationList = 75DDE5B220821BC7005DA0D1 /* Build configuration list for PBXNativeTarget "Weather" */;
			buildPhases = (
				75DDE58D20821BC7005DA0D1 /* Sources */,
				75DDE58E20821BC7005DA0D1 /* Frameworks */,
				75DDE58F20821BC7005DA0D1 /* Resources */,
			);
			buildRules = (
			);
			dependencies = (
			);
			name = Weather;
			productName = Weather;
			productReference = 75DDE59120821BC7005DA0D1 /* Weather.app */;
			productType = "com.apple.product-type.application";
		};
		75DDE5A820821BC7005DA0D1 /* WeatherUITests */ = {
			isa = PBXNativeTarget;
			buildConfigurationList = 75DDE5B520821BC7005DA0D1 /* Build configuration list for PBXNativeTarget "WeatherUITests" */;
			buildPhases = (
				75DDE5A520821BC7005DA0D1 /* Sources */,
				75DDE5A620821BC7005DA0D1 /* Frameworks */,
				75DDE5A720821BC7005DA0D1 /* Resources */,
			);
			buildRules = (
			);
			dependencies = (
				75DDE5AB20821BC7005DA0D1 /* PBXTargetDependency */,
			);
			name = WeatherUITests;
			productName = WeatherUITests;
			productReference = 75DDE5A920821BC7005DA0D1 /* WeatherUITests.xctest */;
			productType = "com.apple.product-type.bundle.ui-testing";
		};
/* End PBXNativeTarget section */

/* Begin PBXProject section */
		75DDE58920821BC7005DA0D1 /* Project object */ = {
			isa = PBXProject;
			attributes = {
				LastUpgradeCheck = 0920;
				ORGANIZATIONNAME = Maxim;
				TargetAttributes = {
					75DDE59020821BC7005DA0D1 = {
						CreatedOnToolsVersion = 9.2;
						ProvisioningStyle = Automatic;
					};
					75DDE5A820821BC7005DA0D1 = {
						CreatedOnToolsVersion = 9.2;
						ProvisioningStyle = Automatic;
						TestTargetID = 75DDE59020821BC7005DA0D1;
					};
				};
			};
			buildConfigurationList = 75DDE58C20821BC7005DA0D1 /* Build configuration list for PBXProject "Weather" */;
			compatibilityVersion = "Xcode 8.0";
			developmentRegion = en;
			hasScannedForEncodings = 0;
			knownRegions = (
				en,
				Base,
			);
			mainGroup = 75DDE58820821BC7005DA0D1;
			productRefGroup = 75DDE59220821BC7005DA0D1 /* Products */;
			projectDirPath = "";
			projectRoot = "";
			targets = (
				75DDE59020821BC7005DA0D1 /* Weather */,
				75DDE5A820821BC7005DA0D1 /* WeatherUITests */,
			);
		};
/* End PBXProject section */

/* Begin PBXResourcesBuildPhase section */
		75DDE58F20821BC7005DA0D1 /* Resources */ = {
			isa = PBXResourcesBuildPhase;
			buildActionMask = 2147483647;
			files = (
				75DDE5A120821BC7005DA0D1 /* LaunchScreen.storyboard in Resources */,
				75DDE59E20821BC7005DA0D1 /* Assets.xcassets in Resources */,
				75DDE62B2084929A005DA0D1 /* WeatherCollectionViewCell.xib in Resources */,
				75DDE5D0208230E3005DA0D1 /* CityCell.xib in Resources */,
				75DDE59C20821BC7005DA0D1 /* Main.storyboard in Resources */,
			);
			runOnlyForDeploymentPostprocessing = 0;
		};
		75DDE5A720821BC7005DA0D1 /* Resources */ = {
			isa = PBXResourcesBuildPhase;
			buildActionMask = 2147483647;
			files = (
			);
			runOnlyForDeploymentPostprocessing = 0;
		};
/* End PBXResourcesBuildPhase section */

/* Begin PBXSourcesBuildPhase section */
		75DDE58D20821BC7005DA0D1 /* Sources */ = {
			isa = PBXSourcesBuildPhase;
			buildActionMask = 2147483647;
			files = (
				75DDE5A420821BC7005DA0D1 /* main.m in Sources */,
				75DDE5C020821D63005DA0D1 /* CellDecorator.m in Sources */,
				75DDE5BA20821C2D005DA0D1 /* TableViewController.m in Sources */,
				75DDE63120849889005DA0D1 /* WeatherViewController.m in Sources */,
				75DDE59620821BC7005DA0D1 /* AppDelegate.m in Sources */,
				75DDE5C320821E36005DA0D1 /* Router.m in Sources */,
				75DDE62920849277005DA0D1 /* WeatherCollectionViewCell.m in Sources */,
				75DDE5CD2082277A005DA0D1 /* City.m in Sources */,
				75DDE5D32082313A005DA0D1 /* CityCell.m in Sources */,
				75DDE5BD20821D4E005DA0D1 /* Manager.m in Sources */,
			);
			runOnlyForDeploymentPostprocessing = 0;
		};
		75DDE5A520821BC7005DA0D1 /* Sources */ = {
			isa = PBXSourcesBuildPhase;
			buildActionMask = 2147483647;
			files = (
				75DDE5AE20821BC7005DA0D1 /* WeatherUITests.m in Sources */,
			);
			runOnlyForDeploymentPostprocessing = 0;
		};
/* End PBXSourcesBuildPhase section */

/* Begin PBXTargetDependency section */
		75DDE5AB20821BC7005DA0D1 /* PBXTargetDependency */ = {
			isa = PBXTargetDependency;
			target = 75DDE59020821BC7005DA0D1 /* Weather */;
			targetProxy = 75DDE5AA20821BC7005DA0D1 /* PBXContainerItemProxy */;
		};
/* End PBXTargetDependency section */

/* Begin PBXVariantGroup section */
		75DDE59A20821BC7005DA0D1 /* Main.storyboard */ = {
			isa = PBXVariantGroup;
			children = (
				75DDE59B20821BC7005DA0D1 /* Base */,
			);
			name = Main.storyboard;
			sourceTree = "<group>";
		};
		75DDE59F20821BC7005DA0D1 /* LaunchScreen.storyboard */ = {
			isa = PBXVariantGroup;
			children = (
				75DDE5A020821BC7005DA0D1 /* Base */,
			);
			name = LaunchScreen.storyboard;
			sourceTree = "<group>";
		};
/* End PBXVariantGroup section */

/* Begin XCBuildConfiguration section */
		75DDE5B020821BC7005DA0D1 /* Debug */ = {
			isa = XCBuildConfiguration;
			buildSettings = {
				ALWAYS_SEARCH_USER_PATHS = NO;
				CLANG_ANALYZER_NONNULL = YES;
				CLANG_ANALYZER_NUMBER_OBJECT_CONVERSION = YES_AGGRESSIVE;
				CLANG_CXX_LANGUAGE_STANDARD = "gnu++14";
				CLANG_CXX_LIBRARY = "libc++";
				CLANG_ENABLE_MODULES = YES;
				CLANG_ENABLE_OBJC_ARC = YES;
				CLANG_WARN_BLOCK_CAPTURE_AUTORELEASING = YES;
				CLANG_WARN_BOOL_CONVERSION = YES;
				CLANG_WARN_COMMA = YES;
				CLANG_WARN_CONSTANT_CONVERSION = YES;
				CLANG_WARN_DIRECT_OBJC_ISA_USAGE = YES_ERROR;
				CLANG_WARN_DOCUMENTATION_COMMENTS = YES;
				CLANG_WARN_EMPTY_BODY = YES;
				CLANG_WARN_ENUM_CONVERSION = YES;
				CLANG_WARN_INFINITE_RECURSION = YES;
				CLANG_WARN_INT_CONVERSION = YES;
				CLANG_WARN_NON_LITERAL_NULL_CONVERSION = YES;
				CLANG_WARN_OBJC_LITERAL_CONVERSION = YES;
				CLANG_WARN_OBJC_ROOT_CLASS = YES_ERROR;
				CLANG_WARN_RANGE_LOOP_ANALYSIS = YES;
				CLANG_WARN_STRICT_PROTOTYPES = YES;
				CLANG_WARN_SUSPICIOUS_MOVE = YES;
				CLANG_WARN_UNGUARDED_AVAILABILITY = YES_AGGRESSIVE;
				CLANG_WARN_UNREACHABLE_CODE = YES;
				CLANG_WARN__DUPLICATE_METHOD_MATCH = YES;
				CODE_SIGN_IDENTITY = "iPhone Developer";
				COPY_PHASE_STRIP = NO;
				DEBUG_INFORMATION_FORMAT = dwarf;
				ENABLE_STRICT_OBJC_MSGSEND = YES;
				ENABLE_TESTABILITY = YES;
				GCC_C_LANGUAGE_STANDARD = gnu11;
				GCC_DYNAMIC_NO_PIC = NO;
				GCC_NO_COMMON_BLOCKS = YES;
				GCC_OPTIMIZATION_LEVEL = 0;
				GCC_PREPROCESSOR_DEFINITIONS = (
					"DEBUG=1",
					"$(inherited)",
				);
				GCC_WARN_64_TO_32_BIT_CONVERSION = YES;
				GCC_WARN_ABOUT_RETURN_TYPE = YES_ERROR;
				GCC_WARN_UNDECLARED_SELECTOR = YES;
				GCC_WARN_UNINITIALIZED_AUTOS = YES_AGGRESSIVE;
				GCC_WARN_UNUSED_FUNCTION = YES;
				GCC_WARN_UNUSED_VARIABLE = YES;
				IPHONEOS_DEPLOYMENT_TARGET = 11.2;
				MTL_ENABLE_DEBUG_INFO = YES;
				ONLY_ACTIVE_ARCH = YES;
				SDKROOT = iphoneos;
			};
			name = Debug;
		};
		75DDE5B120821BC7005DA0D1 /* Release */ = {
			isa = XCBuildConfiguration;
			buildSettings = {
				ALWAYS_SEARCH_USER_PATHS = NO;
				CLANG_ANALYZER_NONNULL = YES;
				CLANG_ANALYZER_NUMBER_OBJECT_CONVERSION = YES_AGGRESSIVE;
				CLANG_CXX_LANGUAGE_STANDARD = "gnu++14";
				CLANG_CXX_LIBRARY = "libc++";
				CLANG_ENABLE_MODULES = YES;
				CLANG_ENABLE_OBJC_ARC = YES;
				CLANG_WARN_BLOCK_CAPTURE_AUTORELEASING = YES;
				CLANG_WARN_BOOL_CONVERSION = YES;
				CLANG_WARN_COMMA = YES;
				CLANG_WARN_CONSTANT_CONVERSION = YES;
				CLANG_WARN_DIRECT_OBJC_ISA_USAGE = YES_ERROR;
				CLANG_WARN_DOCUMENTATION_COMMENTS = YES;
				CLANG_WARN_EMPTY_BODY = YES;
				CLANG_WARN_ENUM_CONVERSION = YES;
				CLANG_WARN_INFINITE_RECURSION = YES;
				CLANG_WARN_INT_CONVERSION = YES;
				CLANG_WARN_NON_LITERAL_NULL_CONVERSION = YES;
				CLANG_WARN_OBJC_LITERAL_CONVERSION = YES;
				CLANG_WARN_OBJC_ROOT_CLASS = YES_ERROR;
				CLANG_WARN_RANGE_LOOP_ANALYSIS = YES;
				CLANG_WARN_STRICT_PROTOTYPES = YES;
				CLANG_WARN_SUSPICIOUS_MOVE = YES;
				CLANG_WARN_UNGUARDED_AVAILABILITY = YES_AGGRESSIVE;
				CLANG_WARN_UNREACHABLE_CODE = YES;
				CLANG_WARN__DUPLICATE_METHOD_MATCH = YES;
				CODE_SIGN_IDENTITY = "iPhone Developer";
				COPY_PHASE_STRIP = NO;
				DEBUG_INFORMATION_FORMAT = "dwarf-with-dsym";
				ENABLE_NS_ASSERTIONS = NO;
				ENABLE_STRICT_OBJC_MSGSEND = YES;
				GCC_C_LANGUAGE_STANDARD = gnu11;
				GCC_NO_COMMON_BLOCKS = YES;
				GCC_WARN_64_TO_32_BIT_CONVERSION = YES;
				GCC_WARN_ABOUT_RETURN_TYPE = YES_ERROR;
				GCC_WARN_UNDECLARED_SELECTOR = YES;
				GCC_WARN_UNINITIALIZED_AUTOS = YES_AGGRESSIVE;
				GCC_WARN_UNUSED_FUNCTION = YES;
				GCC_WARN_UNUSED_VARIABLE = YES;
				IPHONEOS_DEPLOYMENT_TARGET = 11.2;
				MTL_ENABLE_DEBUG_INFO = NO;
				SDKROOT = iphoneos;
				VALIDATE_PRODUCT = YES;
			};
			name = Release;
		};
		75DDE5B320821BC7005DA0D1 /* Debug */ = {
			isa = XCBuildConfiguration;
			buildSettings = {
				ASSETCATALOG_COMPILER_APPICON_NAME = AppIcon;
				CODE_SIGN_STYLE = Automatic;
				DEVELOPMENT_TEAM = B5MHTW4TA8;
				INFOPLIST_FILE = Weather/Info.plist;
				LD_RUNPATH_SEARCH_PATHS = "$(inherited) @executable_path/Frameworks";
				PRODUCT_BUNDLE_IDENTIFIER = SB.Weather;
				PRODUCT_NAME = "$(TARGET_NAME)";
				TARGETED_DEVICE_FAMILY = "1,2";
			};
			name = Debug;
		};
		75DDE5B420821BC7005DA0D1 /* Release */ = {
			isa = XCBuildConfiguration;
			buildSettings = {
				ASSETCATALOG_COMPILER_APPICON_NAME = AppIcon;
				CODE_SIGN_STYLE = Automatic;
				DEVELOPMENT_TEAM = B5MHTW4TA8;
				INFOPLIST_FILE = Weather/Info.plist;
				LD_RUNPATH_SEARCH_PATHS = "$(inherited) @executable_path/Frameworks";
				PRODUCT_BUNDLE_IDENTIFIER = SB.Weather;
				PRODUCT_NAME = "$(TARGET_NAME)";
				TARGETED_DEVICE_FAMILY = "1,2";
			};
			name = Release;
		};
		75DDE5B620821BC7005DA0D1 /* Debug */ = {
			isa = XCBuildConfiguration;
			buildSettings = {
				CODE_SIGN_STYLE = Automatic;
				DEVELOPMENT_TEAM = B5MHTW4TA8;
				INFOPLIST_FILE = WeatherUITests/Info.plist;
				LD_RUNPATH_SEARCH_PATHS = "$(inherited) @executable_path/Frameworks @loader_path/Frameworks";
				PRODUCT_BUNDLE_IDENTIFIER = SB.WeatherUITests;
				PRODUCT_NAME = "$(TARGET_NAME)";
				TARGETED_DEVICE_FAMILY = "1,2";
				TEST_TARGET_NAME = Weather;
			};
			name = Debug;
		};
		75DDE5B720821BC7005DA0D1 /* Release */ = {
			isa = XCBuildConfiguration;
			buildSettings = {
				CODE_SIGN_STYLE = Automatic;
				DEVELOPMENT_TEAM = B5MHTW4TA8;
				INFOPLIST_FILE = WeatherUITests/Info.plist;
				LD_RUNPATH_SEARCH_PATHS = "$(inherited) @executable_path/Frameworks @loader_path/Frameworks";
				PRODUCT_BUNDLE_IDENTIFIER = SB.WeatherUITests;
				PRODUCT_NAME = "$(TARGET_NAME)";
				TARGETED_DEVICE_FAMILY = "1,2";
				TEST_TARGET_NAME = Weather;
			};
			name = Release;
		};
/* End XCBuildConfiguration section */

/* Begin XCConfigurationList section */
		75DDE58C20821BC7005DA0D1 /* Build configuration list for PBXProject "Weather" */ = {
			isa = XCConfigurationList;
			buildConfigurations = (
				75DDE5B020821BC7005DA0D1 /* Debug */,
				75DDE5B120821BC7005DA0D1 /* Release */,
			);
			defaultConfigurationIsVisible = 0;
			defaultConfigurationName = Release;
		};
		75DDE5B220821BC7005DA0D1 /* Build configuration list for PBXNativeTarget "Weather" */ = {
			isa = XCConfigurationList;
			buildConfigurations = (
				75DDE5B320821BC7005DA0D1 /* Debug */,
				75DDE5B420821BC7005DA0D1 /* Release */,
			);
			defaultConfigurationIsVisible = 0;
			defaultConfigurationName = Release;
		};
		75DDE5B520821BC7005DA0D1 /* Build configuration list for PBXNativeTarget "WeatherUITests" */ = {
			isa = XCConfigurationList;
			buildConfigurations = (
				75DDE5B620821BC7005DA0D1 /* Debug */,
				75DDE5B720821BC7005DA0D1 /* Release */,
			);
			defaultConfigurationIsVisible = 0;
			defaultConfigurationName = Release;
		};
/* End XCConfigurationList section */
	};
	rootObject = 75DDE58920821BC7005DA0D1 /* Project object */;
}
